
Microsoft Visual Studio Solution File, Format Version 12.00
# Visual Studio Version 17
VisualStudioVersion = 17.3.32819.101
MinimumVisualStudioVersion = 10.0.40219.1
Project("{FAE04EC0-301F-11D3-BF4B-00C04F79EFBC}") = "TP2WindowsForms", "TP2WindowsForms\TP2WindowsForms.csproj", "{2D8626EF-C513-4321-BA1F-359C300C6416}"
EndProject
Global
	GlobalSection(SolutionConfigurationPlatforms) = preSolution
		Debug|Any CPU = Debug|Any CPU
		Release|Any CPU = Release|Any CPU
	EndGlobalSection
	GlobalSection(ProjectConfigurationPlatforms) = postSolution
		{2D8626EF-C513-4321-BA1F-359C300C6416}.Debug|Any CPU.ActiveCfg = Debug|Any CPU
		{2D8626EF-C513-4321-BA1F-359C300C6416}.Debug|Any CPU.Build.0 = Debug|Any CPU
		{2D8626EF-C513-4321-BA1F-359C300C6416}.Release|Any CPU.ActiveCfg = Release|Any CPU
		{2D8626EF-C513-4321-BA1F-359C300C6416}.Release|Any CPU.Build.0 = Release|Any CPU
	EndGlobalSection
	GlobalSection(SolutionProperties) = preSolution
		HideSolutionNode = FALSE
	EndGlobalSection
	GlobalSection(ExtensibilityGlobals) = postSolution
		SolutionGuid = {55F67F1E-8FBA-4A47-B6C9-C9AD0869AF0A}
	EndGlobalSection
EndGlobal
